# THIS IS AN AUTOGENERATED FILE. DO NOT EDIT THIS FILE DIRECTLY.
# yarn lockfile v1


"@autom8/fdk@^0.2.5":
  version "0.2.5"
  resolved "https://registry.yarnpkg.com/@autom8/fdk/-/fdk-0.2.5.tgz#aa28482fe138463da71d258a678a2f62d4febf14"
  integrity sha512-g9WI0QhwU+AdRutchbpEKm8DnywsF0Tu4ow4Wsfzuti15GRuzuLZtsHJCD/Nhtda/pav/D+aV3i/BWHe40X6xw==

"@autom8/js-a8-connect@^0.2.0":
  version "0.2.1"
  resolved "https://registry.yarnpkg.com/@autom8/js-a8-connect/-/js-a8-connect-0.2.1.tgz#7826f9329a02e34a34bfab306722f92cbcb65cfe"
  integrity sha512-IjEGCXOikB2O8SMpJO0OiSqcGDdxwijgmtYFb2EC7E6aceNJlXTxu5+47yJvpxPFUR5fyUq7BM8wwUY3dUSgHg==
  dependencies:
    bluebird "^3.5.4"

"@autom8/js-a8-fdk@^0.3.0":
  version "0.3.1"
  resolved "https://registry.yarnpkg.com/@autom8/js-a8-fdk/-/js-a8-fdk-0.3.1.tgz#1ca5ca8751353ee1987fca38dbe797ec76d01927"
  integrity sha512-K8quhSRooAuZACD7FU9+uKRt0Rnp4Ck9ymYyswcofSiABdsTZqb9NTocM3hCNU5+19ANwcaS6EhZOrlG8RtawA==
  dependencies:
    "@autom8/js-a8-connect" "^0.2.0"
    bluebird "^3.5.3"
    debug "^4.1.1"
    http "^0.0.0"

bluebird@^3.5.3, bluebird@^3.5.4:
  version "3.5.4"
  resolved "https://registry.yarnpkg.com/bluebird/-/bluebird-3.5.4.tgz#d6cc661595de30d5b3af5fcedd3c0b3ef6ec5714"
  integrity sha512-FG+nFEZChJrbQ9tIccIfZJBz3J7mLrAhxakAbnrJWn8d7aKOC+LWifa0G+p4ZqKp4y13T7juYvdhq9NzKdsrjw==

debug@^4.1.1:
  version "4.1.1"
  resolved "https://registry.yarnpkg.com/debug/-/debug-4.1.1.tgz#3b72260255109c6b589cee050f1d516139664791"
  integrity sha512-pYAIzeRo8J6KPEaJ0VWOh5Pzkbw/RetuzehGM7QRRX5he4fPHx2rdKMB256ehJCkX+XRQm16eZLqLNS8RSZXZw==
  dependencies:
    ms "^2.1.1"

http@^0.0.0:
  version "0.0.0"
  resolved "https://registry.yarnpkg.com/http/-/http-0.0.0.tgz#86e6326d29c5d039de9fac584a45689f929f4f72"
  integrity sha1-huYybSnF0Dnen6xYSkVon5KfT3I=

ms@^2.1.1:
  version "2.1.1"
  resolved "https://registry.yarnpkg.com/ms/-/ms-2.1.1.tgz#30a5864eb3ebb0a66f2ebe6d727af06a09d86e0a"
  integrity sha512-tgp+dl5cGk28utYktBsrFqA7HKgrhgPsg6Z/EfhWI4gl1Hwq8B/GmY/0oXZ6nF8hDVesS/FpnYaD/kOWhYQvyg==
